
Microsoft Visual Studio Solution File, Format Version 12.00
# Visual Studio Version 17
VisualStudioVersion = 17.11.35327.3
MinimumVisualStudioVersion = 10.0.40219.1
Project("{FAE04EC0-301F-11D3-BF4B-00C04F79EFBC}") = "ConsoleApp1", "ConsoleApp1.csproj", "{F435AF82-2128-47F5-84C9-2202B8EE2452}"
EndProject
Global
	GlobalSection(SolutionConfigurationPlatforms) = preSolution
		Debug|Any CPU = Debug|Any CPU
		Release|Any CPU = Release|Any CPU
	EndGlobalSection
	GlobalSection(ProjectConfigurationPlatforms) = postSolution
		{F435AF82-2128-47F5-84C9-2202B8EE2452}.Debug|Any CPU.ActiveCfg = Debug|Any CPU
		{F435AF82-2128-47F5-84C9-2202B8EE2452}.Debug|Any CPU.Build.0 = Debug|Any CPU
		{F435AF82-2128-47F5-84C9-2202B8EE2452}.Release|Any CPU.ActiveCfg = Release|Any CPU
		{F435AF82-2128-47F5-84C9-2202B8EE2452}.Release|Any CPU.Build.0 = Release|Any CPU
	EndGlobalSection
	GlobalSection(SolutionProperties) = preSolution
		HideSolutionNode = FALSE
	EndGlobalSection
	GlobalSection(ExtensibilityGlobals) = postSolution
		SolutionGuid = {AD7A5A9E-515A-4EED-9225-111F8E928B11}
	EndGlobalSection
EndGlobal
